// !$*UTF8*$!
{
	archiveVersion = 1;
	classes = {
	};
	objectVersion = 50;
	objects = {

/* Begin PBXBuildFile section */
		FF2CE89226C5A38A0065BDAE /* AppDelegate.swift in Sources */ = {isa = PBXBuildFile; fileRef = FF2CE89126C5A38A0065BDAE /* AppDelegate.swift */; };
		FF2CE89426C5A38A0065BDAE /* SceneDelegate.swift in Sources */ = {isa = PBXBuildFile; fileRef = FF2CE89326C5A38A0065BDAE /* SceneDelegate.swift */; };
		FF2CE89B26C5A38B0065BDAE /* Assets.xcassets in Resources */ = {isa = PBXBuildFile; fileRef = FF2CE89A26C5A38B0065BDAE /* Assets.xcassets */; };
		FF2CE89E26C5A38B0065BDAE /* LaunchScreen.storyboard in Resources */ = {isa = PBXBuildFile; fileRef = FF2CE89C26C5A38B0065BDAE /* LaunchScreen.storyboard */; };
		FF2CE8A726C5A5EB0065BDAE /* HomeController.swift in Sources */ = {isa = PBXBuildFile; fileRef = FF2CE8A626C5A5EB0065BDAE /* HomeController.swift */; };
		FFE341EB26C5B63600CA332C /* MainController.swift in Sources */ = {isa = PBXBuildFile; fileRef = FFE341EA26C5B63600CA332C /* MainController.swift */; };
		FFE341EE26C5B67C00CA332C /* MainView.swift in Sources */ = {isa = PBXBuildFile; fileRef = FFE341ED26C5B67C00CA332C /* MainView.swift */; };
/* End PBXBuildFile section */

/* Begin PBXFileReference section */
		FF2CE88E26C5A38A0065BDAE /* ElementsAR.app */ = {isa = PBXFileReference; explicitFileType = wrapper.application; includeInIndex = 0; path = ElementsAR.app; sourceTree = BUILT_PRODUCTS_DIR; };
		FF2CE89126C5A38A0065BDAE /* AppDelegate.swift */ = {isa = PBXFileReference; lastKnownFileType = sourcecode.swift; path = AppDelegate.swift; sourceTree = "<group>"; };
		FF2CE89326C5A38A0065BDAE /* SceneDelegate.swift */ = {isa = PBXFileReference; lastKnownFileType = sourcecode.swift; path = SceneDelegate.swift; sourceTree = "<group>"; };
		FF2CE89A26C5A38B0065BDAE /* Assets.xcassets */ = {isa = PBXFileReference; lastKnownFileType = folder.assetcatalog; path = Assets.xcassets; sourceTree = "<group>"; };
		FF2CE89D26C5A38B0065BDAE /* Base */ = {isa = PBXFileReference; lastKnownFileType = file.storyboard; name = Base; path = Base.lproj/LaunchScreen.storyboard; sourceTree = "<group>"; };
		FF2CE89F26C5A38B0065BDAE /* Info.plist */ = {isa = PBXFileReference; lastKnownFileType = text.plist.xml; path = Info.plist; sourceTree = "<group>"; };
		FF2CE8A626C5A5EB0065BDAE /* HomeController.swift */ = {isa = PBXFileReference; lastKnownFileType = sourcecode.swift; path = HomeController.swift; sourceTree = "<group>"; };
		FFE341EA26C5B63600CA332C /* MainController.swift */ = {isa = PBXFileReference; lastKnownFileType = sourcecode.swift; path = MainController.swift; sourceTree = "<group>"; };
		FFE341ED26C5B67C00CA332C /* MainView.swift */ = {isa = PBXFileReference; lastKnownFileType = sourcecode.swift; path = MainView.swift; sourceTree = "<group>"; };
/* End PBXFileReference section */

/* Begin PBXFrameworksBuildPhase section */
		FF2CE88B26C5A38A0065BDAE /* Frameworks */ = {
			isa = PBXFrameworksBuildPhase;
			buildActionMask = 2147483647;
			files = (
			);
			runOnlyForDeploymentPostprocessing = 0;
		};
/* End PBXFrameworksBuildPhase section */

/* Begin PBXGroup section */
		FF2CE88526C5A38A0065BDAE = {
			isa = PBXGroup;
			children = (
				FF2CE89026C5A38A0065BDAE /* ElementsAR */,
				FF2CE88F26C5A38A0065BDAE /* Products */,
			);
			sourceTree = "<group>";
		};
		FF2CE88F26C5A38A0065BDAE /* Products */ = {
			isa = PBXGroup;
			children = (
				FF2CE88E26C5A38A0065BDAE /* ElementsAR.app */,
			);
			name = Products;
			sourceTree = "<group>";
		};
		FF2CE89026C5A38A0065BDAE /* ElementsAR */ = {
			isa = PBXGroup;
			children = (
				FFE341EC26C5B66D00CA332C /* View */,
				FF2CE8A526C5A5D60065BDAE /* Controller */,
				FF2CE89126C5A38A0065BDAE /* AppDelegate.swift */,
				FF2CE89326C5A38A0065BDAE /* SceneDelegate.swift */,
				FF2CE89A26C5A38B0065BDAE /* Assets.xcassets */,
				FF2CE89C26C5A38B0065BDAE /* LaunchScreen.storyboard */,
				FF2CE89F26C5A38B0065BDAE /* Info.plist */,
			);
			path = ElementsAR;
			sourceTree = "<group>";
		};
		FF2CE8A526C5A5D60065BDAE /* Controller */ = {
			isa = PBXGroup;
			children = (
				FF2CE8A626C5A5EB0065BDAE /* HomeController.swift */,
				FFE341EA26C5B63600CA332C /* MainController.swift */,
			);
			path = Controller;
			sourceTree = "<group>";
		};
		FFE341EC26C5B66D00CA332C /* View */ = {
			isa = PBXGroup;
			children = (
				FFE341ED26C5B67C00CA332C /* MainView.swift */,
			);
			path = View;
			sourceTree = "<group>";
		};
/* End PBXGroup section */

/* Begin PBXNativeTarget section */
		FF2CE88D26C5A38A0065BDAE /* ElementsAR */ = {
			isa = PBXNativeTarget;
			buildConfigurationList = FF2CE8A226C5A38B0065BDAE /* Build configuration list for PBXNativeTarget "ElementsAR" */;
			buildPhases = (
				FF2CE88A26C5A38A0065BDAE /* Sources */,
				FF2CE88B26C5A38A0065BDAE /* Frameworks */,
				FF2CE88C26C5A38A0065BDAE /* Resources */,
			);
			buildRules = (
			);
			dependencies = (
			);
			name = ElementsAR;
			productName = ElementsAR;
			productReference = FF2CE88E26C5A38A0065BDAE /* ElementsAR.app */;
			productType = "com.apple.product-type.application";
		};
/* End PBXNativeTarget section */

/* Begin PBXProject section */
		FF2CE88626C5A38A0065BDAE /* Project object */ = {
			isa = PBXProject;
			attributes = {
				LastSwiftUpdateCheck = 1250;
				LastUpgradeCheck = 1250;
				TargetAttributes = {
					FF2CE88D26C5A38A0065BDAE = {
						CreatedOnToolsVersion = 12.5.1;
					};
				};
			};
			buildConfigurationList = FF2CE88926C5A38A0065BDAE /* Build configuration list for PBXProject "ElementsAR" */;
			compatibilityVersion = "Xcode 9.3";
			developmentRegion = en;
			hasScannedForEncodings = 0;
			knownRegions = (
				en,
				Base,
			);
			mainGroup = FF2CE88526C5A38A0065BDAE;
			productRefGroup = FF2CE88F26C5A38A0065BDAE /* Products */;
			projectDirPath = "";
			projectRoot = "";
			targets = (
				FF2CE88D26C5A38A0065BDAE /* ElementsAR */,
			);
		};
/* End PBXProject section */

/* Begin PBXResourcesBuildPhase section */
		FF2CE88C26C5A38A0065BDAE /* Resources */ = {
			isa = PBXResourcesBuildPhase;
			buildActionMask = 2147483647;
			files = (
				FF2CE89E26C5A38B0065BDAE /* LaunchScreen.storyboard in Resources */,
				FF2CE89B26C5A38B0065BDAE /* Assets.xcassets in Resources */,
			);
			runOnlyForDeploymentPostprocessing = 0;
		};
/* End PBXResourcesBuildPhase section */

/* Begin PBXSourcesBuildPhase section */
		FF2CE88A26C5A38A0065BDAE /* Sources */ = {
			isa = PBXSourcesBuildPhase;
			buildActionMask = 2147483647;
			files = (
				FF2CE8A726C5A5EB0065BDAE /* HomeController.swift in Sources */,
				FFE341EE26C5B67C00CA332C /* MainView.swift in Sources */,
				FF2CE89226C5A38A0065BDAE /* AppDelegate.swift in Sources */,
				FF2CE89426C5A38A0065BDAE /* SceneDelegate.swift in Sources */,
				FFE341EB26C5B63600CA332C /* MainController.swift in Sources */,
			);
			runOnlyForDeploymentPostprocessing = 0;
		};
/* End PBXSourcesBuildPhase section */

/* Begin PBXVariantGroup section */
		FF2CE89C26C5A38B0065BDAE /* LaunchScreen.storyboard */ = {
			isa = PBXVariantGroup;
			children = (
				FF2CE89D26C5A38B0065BDAE /* Base */,
			);
			name = LaunchScreen.storyboard;
			sourceTree = "<group>";
		};
/* End PBXVariantGroup section */

/* Begin XCBuildConfiguration section */
		FF2CE8A026C5A38B0065BDAE /* Debug */ = {
			isa = XCBuildConfiguration;
			buildSettings = {
				ALWAYS_SEARCH_USER_PATHS = NO;
				CLANG_ANALYZER_NONNULL = YES;
				CLANG_ANALYZER_NUMBER_OBJECT_CONVERSION = YES_AGGRESSIVE;
				CLANG_CXX_LANGUAGE_STANDARD = "gnu++14";
				CLANG_CXX_LIBRARY = "libc++";
				CLANG_ENABLE_MODULES = YES;
				CLANG_ENABLE_OBJC_ARC = YES;
				CLANG_ENABLE_OBJC_WEAK = YES;
				CLANG_WARN_BLOCK_CAPTURE_AUTORELEASING = YES;
				CLANG_WARN_BOOL_CONVERSION = YES;
				CLANG_WARN_COMMA = YES;
				CLANG_WARN_CONSTANT_CONVERSION = YES;
				CLANG_WARN_DEPRECATED_OBJC_IMPLEMENTATIONS = YES;
				CLANG_WARN_DIRECT_OBJC_ISA_USAGE = YES_ERROR;
				CLANG_WARN_DOCUMENTATION_COMMENTS = YES;
				CLANG_WARN_EMPTY_BODY = YES;
				CLANG_WARN_ENUM_CONVERSION = YES;
				CLANG_WARN_INFINITE_RECURSION = YES;
				CLANG_WARN_INT_CONVERSION = YES;
				CLANG_WARN_NON_LITERAL_NULL_CONVERSION = YES;
				CLANG_WARN_OBJC_IMPLICIT_RETAIN_SELF = YES;
				CLANG_WARN_OBJC_LITERAL_CONVERSION = YES;
				CLANG_WARN_OBJC_ROOT_CLASS = YES_ERROR;
				CLANG_WARN_QUOTED_INCLUDE_IN_FRAMEWORK_HEADER = YES;
				CLANG_WARN_RANGE_LOOP_ANALYSIS = YES;
				CLANG_WARN_STRICT_PROTOTYPES = YES;
				CLANG_WARN_SUSPICIOUS_MOVE = YES;
				CLANG_WARN_UNGUARDED_AVAILABILITY = YES_AGGRESSIVE;
				CLANG_WARN_UNREACHABLE_CODE = YES;
				CLANG_WARN__DUPLICATE_METHOD_MATCH = YES;
				COPY_PHASE_STRIP = NO;
				DEBUG_INFORMATION_FORMAT = dwarf;
				ENABLE_STRICT_OBJC_MSGSEND = YES;
				ENABLE_TESTABILITY = YES;
				GCC_C_LANGUAGE_STANDARD = gnu11;
				GCC_DYNAMIC_NO_PIC = NO;
				GCC_NO_COMMON_BLOCKS = YES;
				GCC_OPTIMIZATION_LEVEL = 0;
				GCC_PREPROCESSOR_DEFINITIONS = (
					"DEBUG=1",
					"$(inherited)",
				);
				GCC_WARN_64_TO_32_BIT_CONVERSION = YES;
				GCC_WARN_ABOUT_RETURN_TYPE = YES_ERROR;
				GCC_WARN_UNDECLARED_SELECTOR = YES;
				GCC_WARN_UNINITIALIZED_AUTOS = YES_AGGRESSIVE;
				GCC_WARN_UNUSED_FUNCTION = YES;
				GCC_WARN_UNUSED_VARIABLE = YES;
				IPHONEOS_DEPLOYMENT_TARGET = 14.5;
				MTL_ENABLE_DEBUG_INFO = INCLUDE_SOURCE;
				MTL_FAST_MATH = YES;
				ONLY_ACTIVE_ARCH = YES;
				SDKROOT = iphoneos;
				SWIFT_ACTIVE_COMPILATION_CONDITIONS = DEBUG;
				SWIFT_OPTIMIZATION_LEVEL = "-Onone";
			};
			name = Debug;
		};
		FF2CE8A126C5A38B0065BDAE /* Release */ = {
			isa = XCBuildConfiguration;
			buildSettings = {
				ALWAYS_SEARCH_USER_PATHS = NO;
				CLANG_ANALYZER_NONNULL = YES;
				CLANG_ANALYZER_NUMBER_OBJECT_CONVERSION = YES_AGGRESSIVE;
				CLANG_CXX_LANGUAGE_STANDARD = "gnu++14";
				CLANG_CXX_LIBRARY = "libc++";
				CLANG_ENABLE_MODULES = YES;
				CLANG_ENABLE_OBJC_ARC = YES;
				CLANG_ENABLE_OBJC_WEAK = YES;
				CLANG_WARN_BLOCK_CAPTURE_AUTORELEASING = YES;
				CLANG_WARN_BOOL_CONVERSION = YES;
				CLANG_WARN_COMMA = YES;
				CLANG_WARN_CONSTANT_CONVERSION = YES;
				CLANG_WARN_DEPRECATED_OBJC_IMPLEMENTATIONS = YES;
				CLANG_WARN_DIRECT_OBJC_ISA_USAGE = YES_ERROR;
				CLANG_WARN_DOCUMENTATION_COMMENTS = YES;
				CLANG_WARN_EMPTY_BODY = YES;
				CLANG_WARN_ENUM_CONVERSION = YES;
				CLANG_WARN_INFINITE_RECURSION = YES;
				CLANG_WARN_INT_CONVERSION = YES;
				CLANG_WARN_NON_LITERAL_NULL_CONVERSION = YES;
				CLANG_WARN_OBJC_IMPLICIT_RETAIN_SELF = YES;
				CLANG_WARN_OBJC_LITERAL_CONVERSION = YES;
				CLANG_WARN_OBJC_ROOT_CLASS = YES_ERROR;
				CLANG_WARN_QUOTED_INCLUDE_IN_FRAMEWORK_HEADER = YES;
				CLANG_WARN_RANGE_LOOP_ANALYSIS = YES;
				CLANG_WARN_STRICT_PROTOTYPES = YES;
				CLANG_WARN_SUSPICIOUS_MOVE = YES;
				CLANG_WARN_UNGUARDED_AVAILABILITY = YES_AGGRESSIVE;
				CLANG_WARN_UNREACHABLE_CODE = YES;
				CLANG_WARN__DUPLICATE_METHOD_MATCH = YES;
				COPY_PHASE_STRIP = NO;
				DEBUG_INFORMATION_FORMAT = "dwarf-with-dsym";
				ENABLE_NS_ASSERTIONS = NO;
				ENABLE_STRICT_OBJC_MSGSEND = YES;
				GCC_C_LANGUAGE_STANDARD = gnu11;
				GCC_NO_COMMON_BLOCKS = YES;
				GCC_WARN_64_TO_32_BIT_CONVERSION = YES;
				GCC_WARN_ABOUT_RETURN_TYPE = YES_ERROR;
				GCC_WARN_UNDECLARED_SELECTOR = YES;
				GCC_WARN_UNINITIALIZED_AUTOS = YES_AGGRESSIVE;
				GCC_WARN_UNUSED_FUNCTION = YES;
				GCC_WARN_UNUSED_VARIABLE = YES;
				IPHONEOS_DEPLOYMENT_TARGET = 14.5;
				MTL_ENABLE_DEBUG_INFO = NO;
				MTL_FAST_MATH = YES;
				SDKROOT = iphoneos;
				SWIFT_COMPILATION_MODE = wholemodule;
				SWIFT_OPTIMIZATION_LEVEL = "-O";
				VALIDATE_PRODUCT = YES;
			};
			name = Release;
		};
		FF2CE8A326C5A38B0065BDAE /* Debug */ = {
			isa = XCBuildConfiguration;
			buildSettings = {
				ASSETCATALOG_COMPILER_APPICON_NAME = AppIcon;
				ASSETCATALOG_COMPILER_GLOBAL_ACCENT_COLOR_NAME = AccentColor;
				CODE_SIGN_STYLE = Automatic;
				DEVELOPMENT_TEAM = L227T5HHPC;
				INFOPLIST_FILE = ElementsAR/Info.plist;
				LD_RUNPATH_SEARCH_PATHS = (
					"$(inherited)",
					"@executable_path/Frameworks",
				);
				PRODUCT_BUNDLE_IDENTIFIER = makaveli.ElementsAR;
				PRODUCT_NAME = "$(TARGET_NAME)";
				SWIFT_VERSION = 5.0;
				TARGETED_DEVICE_FAMILY = "1,2";
			};
			name = Debug;
		};
		FF2CE8A426C5A38B0065BDAE /* Release */ = {
			isa = XCBuildConfiguration;
			buildSettings = {
				ASSETCATALOG_COMPILER_APPICON_NAME = AppIcon;
				ASSETCATALOG_COMPILER_GLOBAL_ACCENT_COLOR_NAME = AccentColor;
				CODE_SIGN_STYLE = Automatic;
				DEVELOPMENT_TEAM = L227T5HHPC;
				INFOPLIST_FILE = ElementsAR/Info.plist;
				LD_RUNPATH_SEARCH_PATHS = (
					"$(inherited)",
					"@executable_path/Frameworks",
				);
				PRODUCT_BUNDLE_IDENTIFIER = makaveli.ElementsAR;
				PRODUCT_NAME = "$(TARGET_NAME)";
				SWIFT_VERSION = 5.0;
				TARGETED_DEVICE_FAMILY = "1,2";
			};
			name = Release;
		};
/* End XCBuildConfiguration section */

/* Begin XCConfigurationList section */
		FF2CE88926C5A38A0065BDAE /* Build configuration list for PBXProject "ElementsAR" */ = {
			isa = XCConfigurationList;
			buildConfigurations = (
				FF2CE8A026C5A38B0065BDAE /* Debug */,
				FF2CE8A126C5A38B0065BDAE /* Release */,
			);
			defaultConfigurationIsVisible = 0;
			defaultConfigurationName = Release;
		};
		FF2CE8A226C5A38B0065BDAE /* Build configuration list for PBXNativeTarget "ElementsAR" */ = {
			isa = XCConfigurationList;
			buildConfigurations = (
				FF2CE8A326C5A38B0065BDAE /* Debug */,
				FF2CE8A426C5A38B0065BDAE /* Release */,
			);
			defaultConfigurationIsVisible = 0;
			defaultConfigurationName = Release;
		};
/* End XCConfigurationList section */
	};
	rootObject = FF2CE88626C5A38A0065BDAE /* Project object */;
}
